
Microsoft Visual Studio Solution File, Format Version 12.00
# Visual Studio 2012
Project("{FAE04EC0-301F-11D3-BF4B-00C04F79EFBC}") = "DandDProto", "DandDProto\DandDProto.csproj", "{1161AC88-D4B2-47C7-B27F-6CFC3A6CDACC}"
EndProject
Global
	GlobalSection(TeamFoundationVersionControl) = preSolution
		SccNumberOfProjects = 2
		SccEnterpriseProvider = {4CA58AB2-18FA-4F8D-95D4-32DDF27D184C}
		SccTeamFoundationServer = https://w0215698.visualstudio.com/defaultcollection
		SccLocalPath0 = .
		SccProjectUniqueName1 = DandDProto\\DandDProto.csproj
		SccProjectName1 = DandDProto
		SccLocalPath1 = DandDProto
	EndGlobalSection
	GlobalSection(SolutionConfigurationPlatforms) = preSolution
		Debug|Any CPU = Debug|Any CPU
		Release|Any CPU = Release|Any CPU
	EndGlobalSection
	GlobalSection(ProjectConfigurationPlatforms) = postSolution
		{1161AC88-D4B2-47C7-B27F-6CFC3A6CDACC}.Debug|Any CPU.ActiveCfg = Debug|Any CPU
		{1161AC88-D4B2-47C7-B27F-6CFC3A6CDACC}.Debug|Any CPU.Build.0 = Debug|Any CPU
		{1161AC88-D4B2-47C7-B27F-6CFC3A6CDACC}.Release|Any CPU.ActiveCfg = Release|Any CPU
		{1161AC88-D4B2-47C7-B27F-6CFC3A6CDACC}.Release|Any CPU.Build.0 = Release|Any CPU
	EndGlobalSection
	GlobalSection(SolutionProperties) = preSolution
		HideSolutionNode = FALSE
	EndGlobalSection
EndGlobal
